// !$*UTF8*$!
{
	archiveVersion = 1;
	classes = {
	};
	objectVersion = 46;
	objects = {

/* Begin PBXBuildFile section */
		55120C901BF28D5300A1FE02 /* ResultsTableViewCell.m in Sources */ = {isa = PBXBuildFile; fileRef = 55120C8F1BF28D5300A1FE02 /* ResultsTableViewCell.m */; };
		556E9F1A1BF2FE230097EEAF /* Images in Resources */ = {isa = PBXBuildFile; fileRef = 556E9F191BF2FE230097EEAF /* Images */; };
		55EF294E1BCEF4190020C26F /* main.m in Sources */ = {isa = PBXBuildFile; fileRef = 55EF294D1BCEF4190020C26F /* main.m */; };
		55EF29511BCEF4190020C26F /* AppDelegate.m in Sources */ = {isa = PBXBuildFile; fileRef = 55EF29501BCEF4190020C26F /* AppDelegate.m */; };
		55EF29541BCEF4190020C26F /* ViewController.m in Sources */ = {isa = PBXBuildFile; fileRef = 55EF29531BCEF4190020C26F /* ViewController.m */; };
		55EF29571BCEF4190020C26F /* Main.storyboard in Resources */ = {isa = PBXBuildFile; fileRef = 55EF29551BCEF4190020C26F /* Main.storyboard */; };
		55EF295A1BCEF4190020C26F /* Holocron.xcdatamodeld in Sources */ = {isa = PBXBuildFile; fileRef = 55EF29581BCEF4190020C26F /* Holocron.xcdatamodeld */; };
		55EF295C1BCEF4190020C26F /* Assets.xcassets in Resources */ = {isa = PBXBuildFile; fileRef = 55EF295B1BCEF4190020C26F /* Assets.xcassets */; };
		55EF295F1BCEF4190020C26F /* LaunchScreen.storyboard in Resources */ = {isa = PBXBuildFile; fileRef = 55EF295D1BCEF4190020C26F /* LaunchScreen.storyboard */; };
		55EF29671BCEF4250020C26F /* AVFoundation.framework in Frameworks */ = {isa = PBXBuildFile; fileRef = 55EF29661BCEF4250020C26F /* AVFoundation.framework */; };
		55EF296B1BCEF68D0020C26F /* EasterEggViewController.m in Sources */ = {isa = PBXBuildFile; fileRef = 55EF296A1BCEF68D0020C26F /* EasterEggViewController.m */; };
		55EF29AA1BCF3B240020C26F /* ChewbaccaSound1.mp3 in Resources */ = {isa = PBXBuildFile; fileRef = 55EF29A21BCF3B240020C26F /* ChewbaccaSound1.mp3 */; };
		55EF29AB1BCF3B240020C26F /* ChewbaccaSound2.mp3 in Resources */ = {isa = PBXBuildFile; fileRef = 55EF29A31BCF3B240020C26F /* ChewbaccaSound2.mp3 */; };
		55EF29AC1BCF3B240020C26F /* ChewbaccaSound3.mp3 in Resources */ = {isa = PBXBuildFile; fileRef = 55EF29A41BCF3B240020C26F /* ChewbaccaSound3.mp3 */; };
		55EF29AD1BCF3B240020C26F /* ChewbaccaSound4.mp3 in Resources */ = {isa = PBXBuildFile; fileRef = 55EF29A51BCF3B240020C26F /* ChewbaccaSound4.mp3 */; };
		55EF29AE1BCF3B240020C26F /* ChewbaccaSound5.mp3 in Resources */ = {isa = PBXBuildFile; fileRef = 55EF29A61BCF3B240020C26F /* ChewbaccaSound5.mp3 */; };
		55EF29AF1BCF3B240020C26F /* ChewbaccaSound6.mp3 in Resources */ = {isa = PBXBuildFile; fileRef = 55EF29A71BCF3B240020C26F /* ChewbaccaSound6.mp3 */; };
		55EF29B01BCF3B240020C26F /* ChewbaccaSound7.mp3 in Resources */ = {isa = PBXBuildFile; fileRef = 55EF29A81BCF3B240020C26F /* ChewbaccaSound7.mp3 */; };
		55EF29B11BCF3B240020C26F /* ChewbaccaSound8.mp3 in Resources */ = {isa = PBXBuildFile; fileRef = 55EF29A91BCF3B240020C26F /* ChewbaccaSound8.mp3 */; };
		55EF29BD1BD01C3B0020C26F /* Reachability.m in Sources */ = {isa = PBXBuildFile; fileRef = 55EF29BC1BD01C3B0020C26F /* Reachability.m */; };
		55EF29BF1BD01D080020C26F /* SystemConfiguration.framework in Frameworks */ = {isa = PBXBuildFile; fileRef = 55EF29BE1BD01D080020C26F /* SystemConfiguration.framework */; };
		55EF29C11BD01D1F0020C26F /* Social.framework in Frameworks */ = {isa = PBXBuildFile; fileRef = 55EF29C01BD01D1F0020C26F /* Social.framework */; };
		55EF29C41BD04C490020C26F /* DetailViewController.m in Sources */ = {isa = PBXBuildFile; fileRef = 55EF29C31BD04C490020C26F /* DetailViewController.m */; };
/* End PBXBuildFile section */

/* Begin PBXFileReference section */
		55120C8E1BF28D5300A1FE02 /* ResultsTableViewCell.h */ = {isa = PBXFileReference; fileEncoding = 4; lastKnownFileType = sourcecode.c.h; path = ResultsTableViewCell.h; sourceTree = "<group>"; };
		55120C8F1BF28D5300A1FE02 /* ResultsTableViewCell.m */ = {isa = PBXFileReference; fileEncoding = 4; lastKnownFileType = sourcecode.c.objc; path = ResultsTableViewCell.m; sourceTree = "<group>"; };
		556E9F191BF2FE230097EEAF /* Images */ = {isa = PBXFileReference; lastKnownFileType = folder; path = Images; sourceTree = SOURCE_ROOT; };
		55EF29491BCEF4190020C26F /* Holocron.app */ = {isa = PBXFileReference; explicitFileType = wrapper.application; includeInIndex = 0; path = Holocron.app; sourceTree = BUILT_PRODUCTS_DIR; };
		55EF294D1BCEF4190020C26F /* main.m */ = {isa = PBXFileReference; lastKnownFileType = sourcecode.c.objc; path = main.m; sourceTree = "<group>"; };
		55EF294F1BCEF4190020C26F /* AppDelegate.h */ = {isa = PBXFileReference; lastKnownFileType = sourcecode.c.h; path = AppDelegate.h; sourceTree = "<group>"; };
		55EF29501BCEF4190020C26F /* AppDelegate.m */ = {isa = PBXFileReference; lastKnownFileType = sourcecode.c.objc; path = AppDelegate.m; sourceTree = "<group>"; };
		55EF29521BCEF4190020C26F /* ViewController.h */ = {isa = PBXFileReference; lastKnownFileType = sourcecode.c.h; path = ViewController.h; sourceTree = "<group>"; };
		55EF29531BCEF4190020C26F /* ViewController.m */ = {isa = PBXFileReference; lastKnownFileType = sourcecode.c.objc; path = ViewController.m; sourceTree = "<group>"; };
		55EF29561BCEF4190020C26F /* Base */ = {isa = PBXFileReference; lastKnownFileType = file.storyboard; name = Base; path = Base.lproj/Main.storyboard; sourceTree = "<group>"; };
		55EF29591BCEF4190020C26F /* Holocron.xcdatamodel */ = {isa = PBXFileReference; lastKnownFileType = wrapper.xcdatamodel; path = Holocron.xcdatamodel; sourceTree = "<group>"; };
		55EF295B1BCEF4190020C26F /* Assets.xcassets */ = {isa = PBXFileReference; lastKnownFileType = folder.assetcatalog; path = Assets.xcassets; sourceTree = "<group>"; };
		55EF295E1BCEF4190020C26F /* Base */ = {isa = PBXFileReference; lastKnownFileType = file.storyboard; name = Base; path = Base.lproj/LaunchScreen.storyboard; sourceTree = "<group>"; };
		55EF29601BCEF4190020C26F /* Info.plist */ = {isa = PBXFileReference; lastKnownFileType = text.plist.xml; path = Info.plist; sourceTree = "<group>"; };
		55EF29661BCEF4250020C26F /* AVFoundation.framework */ = {isa = PBXFileReference; lastKnownFileType = wrapper.framework; name = AVFoundation.framework; path = System/Library/Frameworks/AVFoundation.framework; sourceTree = SDKROOT; };
		55EF29691BCEF68D0020C26F /* EasterEggViewController.h */ = {isa = PBXFileReference; fileEncoding = 4; lastKnownFileType = sourcecode.c.h; path = EasterEggViewController.h; sourceTree = "<group>"; };
		55EF296A1BCEF68D0020C26F /* EasterEggViewController.m */ = {isa = PBXFileReference; fileEncoding = 4; lastKnownFileType = sourcecode.c.objc; path = EasterEggViewController.m; sourceTree = "<group>"; };
		55EF29A21BCF3B240020C26F /* ChewbaccaSound1.mp3 */ = {isa = PBXFileReference; lastKnownFileType = audio.mp3; path = ChewbaccaSound1.mp3; sourceTree = "<group>"; };
		55EF29A31BCF3B240020C26F /* ChewbaccaSound2.mp3 */ = {isa = PBXFileReference; lastKnownFileType = audio.mp3; path = ChewbaccaSound2.mp3; sourceTree = "<group>"; };
		55EF29A41BCF3B240020C26F /* ChewbaccaSound3.mp3 */ = {isa = PBXFileReference; lastKnownFileType = audio.mp3; path = ChewbaccaSound3.mp3; sourceTree = "<group>"; };
		55EF29A51BCF3B240020C26F /* ChewbaccaSound4.mp3 */ = {isa = PBXFileReference; lastKnownFileType = audio.mp3; path = ChewbaccaSound4.mp3; sourceTree = "<group>"; };
		55EF29A61BCF3B240020C26F /* ChewbaccaSound5.mp3 */ = {isa = PBXFileReference; lastKnownFileType = audio.mp3; path = ChewbaccaSound5.mp3; sourceTree = "<group>"; };
		55EF29A71BCF3B240020C26F /* ChewbaccaSound6.mp3 */ = {isa = PBXFileReference; lastKnownFileType = audio.mp3; path = ChewbaccaSound6.mp3; sourceTree = "<group>"; };
		55EF29A81BCF3B240020C26F /* ChewbaccaSound7.mp3 */ = {isa = PBXFileReference; lastKnownFileType = audio.mp3; path = ChewbaccaSound7.mp3; sourceTree = "<group>"; };
		55EF29A91BCF3B240020C26F /* ChewbaccaSound8.mp3 */ = {isa = PBXFileReference; lastKnownFileType = audio.mp3; path = ChewbaccaSound8.mp3; sourceTree = "<group>"; };
		55EF29BB1BD01C3B0020C26F /* Reachability.h */ = {isa = PBXFileReference; fileEncoding = 4; lastKnownFileType = sourcecode.c.h; path = Reachability.h; sourceTree = "<group>"; };
		55EF29BC1BD01C3B0020C26F /* Reachability.m */ = {isa = PBXFileReference; fileEncoding = 4; lastKnownFileType = sourcecode.c.objc; path = Reachability.m; sourceTree = "<group>"; };
		55EF29BE1BD01D080020C26F /* SystemConfiguration.framework */ = {isa = PBXFileReference; lastKnownFileType = wrapper.framework; name = SystemConfiguration.framework; path = System/Library/Frameworks/SystemConfiguration.framework; sourceTree = SDKROOT; };
		55EF29C01BD01D1F0020C26F /* Social.framework */ = {isa = PBXFileReference; lastKnownFileType = wrapper.framework; name = Social.framework; path = System/Library/Frameworks/Social.framework; sourceTree = SDKROOT; };
		55EF29C21BD04C490020C26F /* DetailViewController.h */ = {isa = PBXFileReference; fileEncoding = 4; lastKnownFileType = sourcecode.c.h; path = DetailViewController.h; sourceTree = "<group>"; };
		55EF29C31BD04C490020C26F /* DetailViewController.m */ = {isa = PBXFileReference; fileEncoding = 4; lastKnownFileType = sourcecode.c.objc; path = DetailViewController.m; sourceTree = "<group>"; };
/* End PBXFileReference section */

/* Begin PBXFrameworksBuildPhase section */
		55EF29461BCEF4190020C26F /* Frameworks */ = {
			isa = PBXFrameworksBuildPhase;
			buildActionMask = 2147483647;
			files = (
				55EF29C11BD01D1F0020C26F /* Social.framework in Frameworks */,
				55EF29BF1BD01D080020C26F /* SystemConfiguration.framework in Frameworks */,
				55EF29671BCEF4250020C26F /* AVFoundation.framework in Frameworks */,
			);
			runOnlyForDeploymentPostprocessing = 0;
		};
/* End PBXFrameworksBuildPhase section */

/* Begin PBXGroup section */
		55EF29401BCEF4190020C26F = {
			isa = PBXGroup;
			children = (
				55EF29C01BD01D1F0020C26F /* Social.framework */,
				55EF29BE1BD01D080020C26F /* SystemConfiguration.framework */,
				55EF29661BCEF4250020C26F /* AVFoundation.framework */,
				55EF29A11BCF3B240020C26F /* Chewey Audio */,
				55EF294B1BCEF4190020C26F /* Holocron */,
				55EF294A1BCEF4190020C26F /* Products */,
			);
			sourceTree = "<group>";
		};
		55EF294A1BCEF4190020C26F /* Products */ = {
			isa = PBXGroup;
			children = (
				55EF29491BCEF4190020C26F /* Holocron.app */,
			);
			name = Products;
			sourceTree = "<group>";
		};
		55EF294B1BCEF4190020C26F /* Holocron */ = {
			isa = PBXGroup;
			children = (
				55EF294F1BCEF4190020C26F /* AppDelegate.h */,
				55EF29501BCEF4190020C26F /* AppDelegate.m */,
				55EF29BB1BD01C3B0020C26F /* Reachability.h */,
				55EF29BC1BD01C3B0020C26F /* Reachability.m */,
				55EF29521BCEF4190020C26F /* ViewController.h */,
				55EF29531BCEF4190020C26F /* ViewController.m */,
				55EF29C21BD04C490020C26F /* DetailViewController.h */,
				55EF29C31BD04C490020C26F /* DetailViewController.m */,
				55EF29691BCEF68D0020C26F /* EasterEggViewController.h */,
				55EF296A1BCEF68D0020C26F /* EasterEggViewController.m */,
				55120C8E1BF28D5300A1FE02 /* ResultsTableViewCell.h */,
				55120C8F1BF28D5300A1FE02 /* ResultsTableViewCell.m */,
				55EF29551BCEF4190020C26F /* Main.storyboard */,
				556E9F191BF2FE230097EEAF /* Images */,
				55EF295B1BCEF4190020C26F /* Assets.xcassets */,
				55EF295D1BCEF4190020C26F /* LaunchScreen.storyboard */,
				55EF29601BCEF4190020C26F /* Info.plist */,
				55EF29681BCEF5B00020C26F /* Data */,
				55EF294C1BCEF4190020C26F /* Supporting Files */,
			);
			path = Holocron;
			sourceTree = "<group>";
		};
		55EF294C1BCEF4190020C26F /* Supporting Files */ = {
			isa = PBXGroup;
			children = (
				55EF294D1BCEF4190020C26F /* main.m */,
			);
			name = "Supporting Files";
			sourceTree = "<group>";
		};
		55EF29681BCEF5B00020C26F /* Data */ = {
			isa = PBXGroup;
			children = (
				55EF29581BCEF4190020C26F /* Holocron.xcdatamodeld */,
			);
			name = Data;
			sourceTree = "<group>";
		};
		55EF29A11BCF3B240020C26F /* Chewey Audio */ = {
			isa = PBXGroup;
			children = (
				55EF29A21BCF3B240020C26F /* ChewbaccaSound1.mp3 */,
				55EF29A31BCF3B240020C26F /* ChewbaccaSound2.mp3 */,
				55EF29A41BCF3B240020C26F /* ChewbaccaSound3.mp3 */,
				55EF29A51BCF3B240020C26F /* ChewbaccaSound4.mp3 */,
				55EF29A61BCF3B240020C26F /* ChewbaccaSound5.mp3 */,
				55EF29A71BCF3B240020C26F /* ChewbaccaSound6.mp3 */,
				55EF29A81BCF3B240020C26F /* ChewbaccaSound7.mp3 */,
				55EF29A91BCF3B240020C26F /* ChewbaccaSound8.mp3 */,
			);
			path = "Chewey Audio";
			sourceTree = "<group>";
		};
/* End PBXGroup section */

/* Begin PBXNativeTarget section */
		55EF29481BCEF4190020C26F /* Holocron */ = {
			isa = PBXNativeTarget;
			buildConfigurationList = 55EF29631BCEF4190020C26F /* Build configuration list for PBXNativeTarget "Holocron" */;
			buildPhases = (
				55EF29451BCEF4190020C26F /* Sources */,
				55EF29461BCEF4190020C26F /* Frameworks */,
				55EF29471BCEF4190020C26F /* Resources */,
			);
			buildRules = (
			);
			dependencies = (
			);
			name = Holocron;
			productName = Holocron;
			productReference = 55EF29491BCEF4190020C26F /* Holocron.app */;
			productType = "com.apple.product-type.application";
		};
/* End PBXNativeTarget section */

/* Begin PBXProject section */
		55EF29411BCEF4190020C26F /* Project object */ = {
			isa = PBXProject;
			attributes = {
				LastUpgradeCheck = 0700;
				ORGANIZATIONNAME = "Mike Henry";
				TargetAttributes = {
					55EF29481BCEF4190020C26F = {
						CreatedOnToolsVersion = 7.0;
						DevelopmentTeam = 6K26YVY47S;
					};
				};
			};
			buildConfigurationList = 55EF29441BCEF4190020C26F /* Build configuration list for PBXProject "Holocron" */;
			compatibilityVersion = "Xcode 3.2";
			developmentRegion = English;
			hasScannedForEncodings = 0;
			knownRegions = (
				en,
				Base,
			);
			mainGroup = 55EF29401BCEF4190020C26F;
			productRefGroup = 55EF294A1BCEF4190020C26F /* Products */;
			projectDirPath = "";
			projectRoot = "";
			targets = (
				55EF29481BCEF4190020C26F /* Holocron */,
			);
		};
/* End PBXProject section */

/* Begin PBXResourcesBuildPhase section */
		55EF29471BCEF4190020C26F /* Resources */ = {
			isa = PBXResourcesBuildPhase;
			buildActionMask = 2147483647;
			files = (
				55EF29AE1BCF3B240020C26F /* ChewbaccaSound5.mp3 in Resources */,
				55EF29AC1BCF3B240020C26F /* ChewbaccaSound3.mp3 in Resources */,
				55EF29AA1BCF3B240020C26F /* ChewbaccaSound1.mp3 in Resources */,
				55EF29AF1BCF3B240020C26F /* ChewbaccaSound6.mp3 in Resources */,
				556E9F1A1BF2FE230097EEAF /* Images in Resources */,
				55EF29AD1BCF3B240020C26F /* ChewbaccaSound4.mp3 in Resources */,
				55EF29AB1BCF3B240020C26F /* ChewbaccaSound2.mp3 in Resources */,
				55EF29B01BCF3B240020C26F /* ChewbaccaSound7.mp3 in Resources */,
				55EF295F1BCEF4190020C26F /* LaunchScreen.storyboard in Resources */,
				55EF295C1BCEF4190020C26F /* Assets.xcassets in Resources */,
				55EF29B11BCF3B240020C26F /* ChewbaccaSound8.mp3 in Resources */,
				55EF29571BCEF4190020C26F /* Main.storyboard in Resources */,
			);
			runOnlyForDeploymentPostprocessing = 0;
		};
/* End PBXResourcesBuildPhase section */

/* Begin PBXSourcesBuildPhase section */
		55EF29451BCEF4190020C26F /* Sources */ = {
			isa = PBXSourcesBuildPhase;
			buildActionMask = 2147483647;
			files = (
				55EF29541BCEF4190020C26F /* ViewController.m in Sources */,
				55EF295A1BCEF4190020C26F /* Holocron.xcdatamodeld in Sources */,
				55EF29511BCEF4190020C26F /* AppDelegate.m in Sources */,
				55EF296B1BCEF68D0020C26F /* EasterEggViewController.m in Sources */,
				55EF29BD1BD01C3B0020C26F /* Reachability.m in Sources */,
				55EF294E1BCEF4190020C26F /* main.m in Sources */,
				55120C901BF28D5300A1FE02 /* ResultsTableViewCell.m in Sources */,
				55EF29C41BD04C490020C26F /* DetailViewController.m in Sources */,
			);
			runOnlyForDeploymentPostprocessing = 0;
		};
/* End PBXSourcesBuildPhase section */

/* Begin PBXVariantGroup section */
		55EF29551BCEF4190020C26F /* Main.storyboard */ = {
			isa = PBXVariantGroup;
			children = (
				55EF29561BCEF4190020C26F /* Base */,
			);
			name = Main.storyboard;
			sourceTree = "<group>";
		};
		55EF295D1BCEF4190020C26F /* LaunchScreen.storyboard */ = {
			isa = PBXVariantGroup;
			children = (
				55EF295E1BCEF4190020C26F /* Base */,
			);
			name = LaunchScreen.storyboard;
			sourceTree = "<group>";
		};
/* End PBXVariantGroup section */

/* Begin XCBuildConfiguration section */
		55EF29611BCEF4190020C26F /* Debug */ = {
			isa = XCBuildConfiguration;
			buildSettings = {
				ALWAYS_SEARCH_USER_PATHS = NO;
				CLANG_CXX_LANGUAGE_STANDARD = "gnu++0x";
				CLANG_CXX_LIBRARY = "libc++";
				CLANG_ENABLE_MODULES = YES;
				CLANG_ENABLE_OBJC_ARC = YES;
				CLANG_WARN_BOOL_CONVERSION = YES;
				CLANG_WARN_CONSTANT_CONVERSION = YES;
				CLANG_WARN_DIRECT_OBJC_ISA_USAGE = YES_ERROR;
				CLANG_WARN_EMPTY_BODY = YES;
				CLANG_WARN_ENUM_CONVERSION = YES;
				CLANG_WARN_INT_CONVERSION = YES;
				CLANG_WARN_OBJC_ROOT_CLASS = YES_ERROR;
				CLANG_WARN_UNREACHABLE_CODE = YES;
				CLANG_WARN__DUPLICATE_METHOD_MATCH = YES;
				"CODE_SIGN_IDENTITY[sdk=iphoneos*]" = "iPhone Developer";
				COPY_PHASE_STRIP = NO;
				DEBUG_INFORMATION_FORMAT = dwarf;
				ENABLE_STRICT_OBJC_MSGSEND = YES;
				ENABLE_TESTABILITY = YES;
				GCC_C_LANGUAGE_STANDARD = gnu99;
				GCC_DYNAMIC_NO_PIC = NO;
				GCC_NO_COMMON_BLOCKS = YES;
				GCC_OPTIMIZATION_LEVEL = 0;
				GCC_PREPROCESSOR_DEFINITIONS = (
					"DEBUG=1",
					"$(inherited)",
				);
				GCC_WARN_64_TO_32_BIT_CONVERSION = YES;
				GCC_WARN_ABOUT_RETURN_TYPE = YES_ERROR;
				GCC_WARN_UNDECLARED_SELECTOR = YES;
				GCC_WARN_UNINITIALIZED_AUTOS = YES_AGGRESSIVE;
				GCC_WARN_UNUSED_FUNCTION = YES;
				GCC_WARN_UNUSED_VARIABLE = YES;
				IPHONEOS_DEPLOYMENT_TARGET = 9.0;
				MTL_ENABLE_DEBUG_INFO = YES;
				ONLY_ACTIVE_ARCH = YES;
				SDKROOT = iphoneos;
			};
			name = Debug;
		};
		55EF29621BCEF4190020C26F /* Release */ = {
			isa = XCBuildConfiguration;
			buildSettings = {
				ALWAYS_SEARCH_USER_PATHS = NO;
				CLANG_CXX_LANGUAGE_STANDARD = "gnu++0x";
				CLANG_CXX_LIBRARY = "libc++";
				CLANG_ENABLE_MODULES = YES;
				CLANG_ENABLE_OBJC_ARC = YES;
				CLANG_WARN_BOOL_CONVERSION = YES;
				CLANG_WARN_CONSTANT_CONVERSION = YES;
				CLANG_WARN_DIRECT_OBJC_ISA_USAGE = YES_ERROR;
				CLANG_WARN_EMPTY_BODY = YES;
				CLANG_WARN_ENUM_CONVERSION = YES;
				CLANG_WARN_INT_CONVERSION = YES;
				CLANG_WARN_OBJC_ROOT_CLASS = YES_ERROR;
				CLANG_WARN_UNREACHABLE_CODE = YES;
				CLANG_WARN__DUPLICATE_METHOD_MATCH = YES;
				"CODE_SIGN_IDENTITY[sdk=iphoneos*]" = "iPhone Developer";
				COPY_PHASE_STRIP = NO;
				DEBUG_INFORMATION_FORMAT = "dwarf-with-dsym";
				ENABLE_NS_ASSERTIONS = NO;
				ENABLE_STRICT_OBJC_MSGSEND = YES;
				GCC_C_LANGUAGE_STANDARD = gnu99;
				GCC_NO_COMMON_BLOCKS = YES;
				GCC_WARN_64_TO_32_BIT_CONVERSION = YES;
				GCC_WARN_ABOUT_RETURN_TYPE = YES_ERROR;
				GCC_WARN_UNDECLARED_SELECTOR = YES;
				GCC_WARN_UNINITIALIZED_AUTOS = YES_AGGRESSIVE;
				GCC_WARN_UNUSED_FUNCTION = YES;
				GCC_WARN_UNUSED_VARIABLE = YES;
				IPHONEOS_DEPLOYMENT_TARGET = 9.0;
				MTL_ENABLE_DEBUG_INFO = NO;
				SDKROOT = iphoneos;
				VALIDATE_PRODUCT = YES;
			};
			name = Release;
		};
		55EF29641BCEF4190020C26F /* Debug */ = {
			isa = XCBuildConfiguration;
			buildSettings = {
				ASSETCATALOG_COMPILER_APPICON_NAME = AppIcon;
				CODE_SIGN_IDENTITY = "iPhone Developer";
				"CODE_SIGN_IDENTITY[sdk=iphoneos*]" = "iPhone Developer";
				INFOPLIST_FILE = Holocron/Info.plist;
				LD_RUNPATH_SEARCH_PATHS = "$(inherited) @executable_path/Frameworks";
				PRODUCT_BUNDLE_IDENTIFIER = henrymike.Holocron;
				PRODUCT_NAME = "$(TARGET_NAME)";
				PROVISIONING_PROFILE = "";
			};
			name = Debug;
		};
		55EF29651BCEF4190020C26F /* Release */ = {
			isa = XCBuildConfiguration;
			buildSettings = {
				ASSETCATALOG_COMPILER_APPICON_NAME = AppIcon;
				CODE_SIGN_IDENTITY = "iPhone Developer";
				"CODE_SIGN_IDENTITY[sdk=iphoneos*]" = "iPhone Developer";
				INFOPLIST_FILE = Holocron/Info.plist;
				LD_RUNPATH_SEARCH_PATHS = "$(inherited) @executable_path/Frameworks";
				PRODUCT_BUNDLE_IDENTIFIER = henrymike.Holocron;
				PRODUCT_NAME = "$(TARGET_NAME)";
				PROVISIONING_PROFILE = "";
			};
			name = Release;
		};
/* End XCBuildConfiguration section */

/* Begin XCConfigurationList section */
		55EF29441BCEF4190020C26F /* Build configuration list for PBXProject "Holocron" */ = {
			isa = XCConfigurationList;
			buildConfigurations = (
				55EF29611BCEF4190020C26F /* Debug */,
				55EF29621BCEF4190020C26F /* Release */,
			);
			defaultConfigurationIsVisible = 0;
			defaultConfigurationName = Release;
		};
		55EF29631BCEF4190020C26F /* Build configuration list for PBXNativeTarget "Holocron" */ = {
			isa = XCConfigurationList;
			buildConfigurations = (
				55EF29641BCEF4190020C26F /* Debug */,
				55EF29651BCEF4190020C26F /* Release */,
			);
			defaultConfigurationIsVisible = 0;
			defaultConfigurationName = Release;
		};
/* End XCConfigurationList section */

/* Begin XCVersionGroup section */
		55EF29581BCEF4190020C26F /* Holocron.xcdatamodeld */ = {
			isa = XCVersionGroup;
			children = (
				55EF29591BCEF4190020C26F /* Holocron.xcdatamodel */,
			);
			currentVersion = 55EF29591BCEF4190020C26F /* Holocron.xcdatamodel */;
			path = Holocron.xcdatamodeld;
			sourceTree = "<group>";
			versionGroupType = wrapper.xcdatamodel;
		};
/* End XCVersionGroup section */
	};
	rootObject = 55EF29411BCEF4190020C26F /* Project object */;
}
